
Microsoft Visual Studio Solution File, Format Version 12.00
# Visual Studio Version 17
VisualStudioVersion = 17.7.34024.191
MinimumVisualStudioVersion = 10.0.40219.1
Project("{FAE04EC0-301F-11D3-BF4B-00C04F79EFBC}") = "Kyrsovoi", "Kyrsovoi\Kyrsovoi.csproj", "{0E08E226-BBF7-41B3-8749-C0461669FAFD}"
EndProject
Global
	GlobalSection(SolutionConfigurationPlatforms) = preSolution
		Debug|Any CPU = Debug|Any CPU
		Release|Any CPU = Release|Any CPU
	EndGlobalSection
	GlobalSection(ProjectConfigurationPlatforms) = postSolution
		{0E08E226-BBF7-41B3-8749-C0461669FAFD}.Debug|Any CPU.ActiveCfg = Debug|Any CPU
		{0E08E226-BBF7-41B3-8749-C0461669FAFD}.Debug|Any CPU.Build.0 = Debug|Any CPU
		{0E08E226-BBF7-41B3-8749-C0461669FAFD}.Release|Any CPU.ActiveCfg = Release|Any CPU
		{0E08E226-BBF7-41B3-8749-C0461669FAFD}.Release|Any CPU.Build.0 = Release|Any CPU
	EndGlobalSection
	GlobalSection(SolutionProperties) = preSolution
		HideSolutionNode = FALSE
	EndGlobalSection
	GlobalSection(ExtensibilityGlobals) = postSolution
		SolutionGuid = {7F519BE7-3C1F-49B1-A435-5925F889E4DE}
	EndGlobalSection
EndGlobal
